// !$*UTF8*$!
{
	archiveVersion = 1;
	classes = {
	};
	objectVersion = 51;
	objects = {

/* Begin PBXBuildFile section */
		1EAD732325FFA72300ED9037 /* AppDelegate.swift in Sources */ = {isa = PBXBuildFile; fileRef = 1EAD732225FFA72300ED9037 /* AppDelegate.swift */; };
		1EAD732525FFA72300ED9037 /* SceneDelegate.swift in Sources */ = {isa = PBXBuildFile; fileRef = 1EAD732425FFA72300ED9037 /* SceneDelegate.swift */; };
		1EAD732A25FFA72300ED9037 /* Main.storyboard in Resources */ = {isa = PBXBuildFile; fileRef = 1EAD732825FFA72300ED9037 /* Main.storyboard */; };
		1EAD732C25FFA72600ED9037 /* Assets.xcassets in Resources */ = {isa = PBXBuildFile; fileRef = 1EAD732B25FFA72600ED9037 /* Assets.xcassets */; };
		1EAD732F25FFA72600ED9037 /* LaunchScreen.storyboard in Resources */ = {isa = PBXBuildFile; fileRef = 1EAD732D25FFA72600ED9037 /* LaunchScreen.storyboard */; };
		1EAD733A25FFA72600ED9037 /* ParstagramTests.swift in Sources */ = {isa = PBXBuildFile; fileRef = 1EAD733925FFA72600ED9037 /* ParstagramTests.swift */; };
		1EAD734525FFA72600ED9037 /* ParstagramUITests.swift in Sources */ = {isa = PBXBuildFile; fileRef = 1EAD734425FFA72600ED9037 /* ParstagramUITests.swift */; };
		1EAD736226002FE900ED9037 /* LoginViewController.swift in Sources */ = {isa = PBXBuildFile; fileRef = 1EAD736126002FE900ED9037 /* LoginViewController.swift */; };
		1EAD73672600300600ED9037 /* FeedViewController.swift in Sources */ = {isa = PBXBuildFile; fileRef = 1EAD73662600300600ED9037 /* FeedViewController.swift */; };
		1EAD736F2600524200ED9037 /* CameraViewController.swift in Sources */ = {isa = PBXBuildFile; fileRef = 1EAD736E2600524200ED9037 /* CameraViewController.swift */; };
		1EAD73872601761A00ED9037 /* PostCell.swift in Sources */ = {isa = PBXBuildFile; fileRef = 1EAD73862601761A00ED9037 /* PostCell.swift */; };
		D19080CF68FA711A84306347 /* Pods_ParstagramTests.framework in Frameworks */ = {isa = PBXBuildFile; fileRef = 420146A75D79E3B9CCBF37BE /* Pods_ParstagramTests.framework */; };
		DCB31ED4DBDD238E94EF9754 /* Pods_Parstagram_ParstagramUITests.framework in Frameworks */ = {isa = PBXBuildFile; fileRef = D8CCE4EE1F5CD207A320AB0C /* Pods_Parstagram_ParstagramUITests.framework */; };
		DCDEB9DBD6A51A053700D626 /* Pods_Parstagram.framework in Frameworks */ = {isa = PBXBuildFile; fileRef = 0E7CA234A80B06CB1AAD3C99 /* Pods_Parstagram.framework */; };
/* End PBXBuildFile section */

/* Begin PBXContainerItemProxy section */
		1EAD733625FFA72600ED9037 /* PBXContainerItemProxy */ = {
			isa = PBXContainerItemProxy;
			containerPortal = 1EAD731725FFA72300ED9037 /* Project object */;
			proxyType = 1;
			remoteGlobalIDString = 1EAD731E25FFA72300ED9037;
			remoteInfo = Parstagram;
		};
		1EAD734125FFA72600ED9037 /* PBXContainerItemProxy */ = {
			isa = PBXContainerItemProxy;
			containerPortal = 1EAD731725FFA72300ED9037 /* Project object */;
			proxyType = 1;
			remoteGlobalIDString = 1EAD731E25FFA72300ED9037;
			remoteInfo = Parstagram;
		};
/* End PBXContainerItemProxy section */

/* Begin PBXFileReference section */
		0E7CA234A80B06CB1AAD3C99 /* Pods_Parstagram.framework */ = {isa = PBXFileReference; explicitFileType = wrapper.framework; includeInIndex = 0; path = Pods_Parstagram.framework; sourceTree = BUILT_PRODUCTS_DIR; };
		1EAD731F25FFA72300ED9037 /* Parstagram.app */ = {isa = PBXFileReference; explicitFileType = wrapper.application; includeInIndex = 0; path = Parstagram.app; sourceTree = BUILT_PRODUCTS_DIR; };
		1EAD732225FFA72300ED9037 /* AppDelegate.swift */ = {isa = PBXFileReference; lastKnownFileType = sourcecode.swift; path = AppDelegate.swift; sourceTree = "<group>"; };
		1EAD732425FFA72300ED9037 /* SceneDelegate.swift */ = {isa = PBXFileReference; lastKnownFileType = sourcecode.swift; path = SceneDelegate.swift; sourceTree = "<group>"; };
		1EAD732925FFA72300ED9037 /* Base */ = {isa = PBXFileReference; lastKnownFileType = file.storyboard; name = Base; path = Base.lproj/Main.storyboard; sourceTree = "<group>"; };
		1EAD732B25FFA72600ED9037 /* Assets.xcassets */ = {isa = PBXFileReference; lastKnownFileType = folder.assetcatalog; path = Assets.xcassets; sourceTree = "<group>"; };
		1EAD732E25FFA72600ED9037 /* Base */ = {isa = PBXFileReference; lastKnownFileType = file.storyboard; name = Base; path = Base.lproj/LaunchScreen.storyboard; sourceTree = "<group>"; };
		1EAD733025FFA72600ED9037 /* Info.plist */ = {isa = PBXFileReference; lastKnownFileType = text.plist.xml; path = Info.plist; sourceTree = "<group>"; };
		1EAD733525FFA72600ED9037 /* ParstagramTests.xctest */ = {isa = PBXFileReference; explicitFileType = wrapper.cfbundle; includeInIndex = 0; path = ParstagramTests.xctest; sourceTree = BUILT_PRODUCTS_DIR; };
		1EAD733925FFA72600ED9037 /* ParstagramTests.swift */ = {isa = PBXFileReference; lastKnownFileType = sourcecode.swift; path = ParstagramTests.swift; sourceTree = "<group>"; };
		1EAD733B25FFA72600ED9037 /* Info.plist */ = {isa = PBXFileReference; lastKnownFileType = text.plist.xml; path = Info.plist; sourceTree = "<group>"; };
		1EAD734025FFA72600ED9037 /* ParstagramUITests.xctest */ = {isa = PBXFileReference; explicitFileType = wrapper.cfbundle; includeInIndex = 0; path = ParstagramUITests.xctest; sourceTree = BUILT_PRODUCTS_DIR; };
		1EAD734425FFA72600ED9037 /* ParstagramUITests.swift */ = {isa = PBXFileReference; lastKnownFileType = sourcecode.swift; path = ParstagramUITests.swift; sourceTree = "<group>"; };
		1EAD734625FFA72600ED9037 /* Info.plist */ = {isa = PBXFileReference; lastKnownFileType = text.plist.xml; path = Info.plist; sourceTree = "<group>"; };
		1EAD736126002FE900ED9037 /* LoginViewController.swift */ = {isa = PBXFileReference; lastKnownFileType = sourcecode.swift; path = LoginViewController.swift; sourceTree = "<group>"; };
		1EAD73662600300600ED9037 /* FeedViewController.swift */ = {isa = PBXFileReference; lastKnownFileType = sourcecode.swift; path = FeedViewController.swift; sourceTree = "<group>"; };
		1EAD736E2600524200ED9037 /* CameraViewController.swift */ = {isa = PBXFileReference; lastKnownFileType = sourcecode.swift; path = CameraViewController.swift; sourceTree = "<group>"; };
		1EAD73862601761A00ED9037 /* PostCell.swift */ = {isa = PBXFileReference; lastKnownFileType = sourcecode.swift; path = PostCell.swift; sourceTree = "<group>"; };
		325CC2AA5CBB43378A16F14D /* Pods-ParstagramTests.release.xcconfig */ = {isa = PBXFileReference; includeInIndex = 1; lastKnownFileType = text.xcconfig; name = "Pods-ParstagramTests.release.xcconfig"; path = "Target Support Files/Pods-ParstagramTests/Pods-ParstagramTests.release.xcconfig"; sourceTree = "<group>"; };
		420146A75D79E3B9CCBF37BE /* Pods_ParstagramTests.framework */ = {isa = PBXFileReference; explicitFileType = wrapper.framework; includeInIndex = 0; path = Pods_ParstagramTests.framework; sourceTree = BUILT_PRODUCTS_DIR; };
		54C6558B73E13FAF5139E60A /* Pods-Parstagram.debug.xcconfig */ = {isa = PBXFileReference; includeInIndex = 1; lastKnownFileType = text.xcconfig; name = "Pods-Parstagram.debug.xcconfig"; path = "Target Support Files/Pods-Parstagram/Pods-Parstagram.debug.xcconfig"; sourceTree = "<group>"; };
		ABA1A6AA89FEFB63F24A4526 /* Pods-Parstagram-ParstagramUITests.release.xcconfig */ = {isa = PBXFileReference; includeInIndex = 1; lastKnownFileType = text.xcconfig; name = "Pods-Parstagram-ParstagramUITests.release.xcconfig"; path = "Target Support Files/Pods-Parstagram-ParstagramUITests/Pods-Parstagram-ParstagramUITests.release.xcconfig"; sourceTree = "<group>"; };
		D839CFD1980B4AF3AB484AE7 /* Pods-ParstagramTests.debug.xcconfig */ = {isa = PBXFileReference; includeInIndex = 1; lastKnownFileType = text.xcconfig; name = "Pods-ParstagramTests.debug.xcconfig"; path = "Target Support Files/Pods-ParstagramTests/Pods-ParstagramTests.debug.xcconfig"; sourceTree = "<group>"; };
		D8CCE4EE1F5CD207A320AB0C /* Pods_Parstagram_ParstagramUITests.framework */ = {isa = PBXFileReference; explicitFileType = wrapper.framework; includeInIndex = 0; path = Pods_Parstagram_ParstagramUITests.framework; sourceTree = BUILT_PRODUCTS_DIR; };
		ED4A9D67D0E964BA51FBA01A /* Pods-Parstagram-ParstagramUITests.debug.xcconfig */ = {isa = PBXFileReference; includeInIndex = 1; lastKnownFileType = text.xcconfig; name = "Pods-Parstagram-ParstagramUITests.debug.xcconfig"; path = "Target Support Files/Pods-Parstagram-ParstagramUITests/Pods-Parstagram-ParstagramUITests.debug.xcconfig"; sourceTree = "<group>"; };
		FD7C024EF6A975289C145916 /* Pods-Parstagram.release.xcconfig */ = {isa = PBXFileReference; includeInIndex = 1; lastKnownFileType = text.xcconfig; name = "Pods-Parstagram.release.xcconfig"; path = "Target Support Files/Pods-Parstagram/Pods-Parstagram.release.xcconfig"; sourceTree = "<group>"; };
/* End PBXFileReference section */

/* Begin PBXFrameworksBuildPhase section */
		1EAD731C25FFA72300ED9037 /* Frameworks */ = {
			isa = PBXFrameworksBuildPhase;
			buildActionMask = 2147483647;
			files = (
				DCDEB9DBD6A51A053700D626 /* Pods_Parstagram.framework in Frameworks */,
			);
			runOnlyForDeploymentPostprocessing = 0;
		};
		1EAD733225FFA72600ED9037 /* Frameworks */ = {
			isa = PBXFrameworksBuildPhase;
			buildActionMask = 2147483647;
			files = (
				D19080CF68FA711A84306347 /* Pods_ParstagramTests.framework in Frameworks */,
			);
			runOnlyForDeploymentPostprocessing = 0;
		};
		1EAD733D25FFA72600ED9037 /* Frameworks */ = {
			isa = PBXFrameworksBuildPhase;
			buildActionMask = 2147483647;
			files = (
				DCB31ED4DBDD238E94EF9754 /* Pods_Parstagram_ParstagramUITests.framework in Frameworks */,
			);
			runOnlyForDeploymentPostprocessing = 0;
		};
/* End PBXFrameworksBuildPhase section */

/* Begin PBXGroup section */
		1EAD731625FFA72300ED9037 = {
			isa = PBXGroup;
			children = (
				1EAD732125FFA72300ED9037 /* Parstagram */,
				1EAD733825FFA72600ED9037 /* ParstagramTests */,
				1EAD734325FFA72600ED9037 /* ParstagramUITests */,
				1EAD732025FFA72300ED9037 /* Products */,
				2AA949FCB44A31CDAFE16C14 /* Pods */,
				DB129DF473F4D7AD8799E62E /* Frameworks */,
			);
			sourceTree = "<group>";
		};
		1EAD732025FFA72300ED9037 /* Products */ = {
			isa = PBXGroup;
			children = (
				1EAD731F25FFA72300ED9037 /* Parstagram.app */,
				1EAD733525FFA72600ED9037 /* ParstagramTests.xctest */,
				1EAD734025FFA72600ED9037 /* ParstagramUITests.xctest */,
			);
			name = Products;
			sourceTree = "<group>";
		};
		1EAD732125FFA72300ED9037 /* Parstagram */ = {
			isa = PBXGroup;
			children = (
				1EAD732225FFA72300ED9037 /* AppDelegate.swift */,
				1EAD732425FFA72300ED9037 /* SceneDelegate.swift */,
				1EAD732B25FFA72600ED9037 /* Assets.xcassets */,
				1EAD732D25FFA72600ED9037 /* LaunchScreen.storyboard */,
				1EAD733025FFA72600ED9037 /* Info.plist */,
				1EAD732825FFA72300ED9037 /* Main.storyboard */,
				1EAD736126002FE900ED9037 /* LoginViewController.swift */,
				1EAD73662600300600ED9037 /* FeedViewController.swift */,
				1EAD736E2600524200ED9037 /* CameraViewController.swift */,
				1EAD73862601761A00ED9037 /* PostCell.swift */,
			);
			path = Parstagram;
			sourceTree = "<group>";
		};
		1EAD733825FFA72600ED9037 /* ParstagramTests */ = {
			isa = PBXGroup;
			children = (
				1EAD733925FFA72600ED9037 /* ParstagramTests.swift */,
				1EAD733B25FFA72600ED9037 /* Info.plist */,
			);
			path = ParstagramTests;
			sourceTree = "<group>";
		};
		1EAD734325FFA72600ED9037 /* ParstagramUITests */ = {
			isa = PBXGroup;
			children = (
				1EAD734425FFA72600ED9037 /* ParstagramUITests.swift */,
				1EAD734625FFA72600ED9037 /* Info.plist */,
			);
			path = ParstagramUITests;
			sourceTree = "<group>";
		};
		2AA949FCB44A31CDAFE16C14 /* Pods */ = {
			isa = PBXGroup;
			children = (
				54C6558B73E13FAF5139E60A /* Pods-Parstagram.debug.xcconfig */,
				FD7C024EF6A975289C145916 /* Pods-Parstagram.release.xcconfig */,
				ED4A9D67D0E964BA51FBA01A /* Pods-Parstagram-ParstagramUITests.debug.xcconfig */,
				ABA1A6AA89FEFB63F24A4526 /* Pods-Parstagram-ParstagramUITests.release.xcconfig */,
				D839CFD1980B4AF3AB484AE7 /* Pods-ParstagramTests.debug.xcconfig */,
				325CC2AA5CBB43378A16F14D /* Pods-ParstagramTests.release.xcconfig */,
			);
			path = Pods;
			sourceTree = "<group>";
		};
		DB129DF473F4D7AD8799E62E /* Frameworks */ = {
			isa = PBXGroup;
			children = (
				0E7CA234A80B06CB1AAD3C99 /* Pods_Parstagram.framework */,
				D8CCE4EE1F5CD207A320AB0C /* Pods_Parstagram_ParstagramUITests.framework */,
				420146A75D79E3B9CCBF37BE /* Pods_ParstagramTests.framework */,
			);
			name = Frameworks;
			sourceTree = "<group>";
		};
/* End PBXGroup section */

/* Begin PBXNativeTarget section */
		1EAD731E25FFA72300ED9037 /* Parstagram */ = {
			isa = PBXNativeTarget;
			buildConfigurationList = 1EAD734925FFA72600ED9037 /* Build configuration list for PBXNativeTarget "Parstagram" */;
			buildPhases = (
				26BA00E5D009C6AA451E1F3D /* [CP] Check Pods Manifest.lock */,
				1EAD731B25FFA72300ED9037 /* Sources */,
				1EAD731C25FFA72300ED9037 /* Frameworks */,
				1EAD731D25FFA72300ED9037 /* Resources */,
				BDA039B972B7D5207D7989F0 /* [CP] Embed Pods Frameworks */,
			);
			buildRules = (
			);
			dependencies = (
			);
			name = Parstagram;
			productName = Parstagram;
			productReference = 1EAD731F25FFA72300ED9037 /* Parstagram.app */;
			productType = "com.apple.product-type.application";
		};
		1EAD733425FFA72600ED9037 /* ParstagramTests */ = {
			isa = PBXNativeTarget;
			buildConfigurationList = 1EAD734C25FFA72600ED9037 /* Build configuration list for PBXNativeTarget "ParstagramTests" */;
			buildPhases = (
				1BFDA67271047A08CCADC7FD /* [CP] Check Pods Manifest.lock */,
				1EAD733125FFA72600ED9037 /* Sources */,
				1EAD733225FFA72600ED9037 /* Frameworks */,
				1EAD733325FFA72600ED9037 /* Resources */,
			);
			buildRules = (
			);
			dependencies = (
				1EAD733725FFA72600ED9037 /* PBXTargetDependency */,
			);
			name = ParstagramTests;
			productName = ParstagramTests;
			productReference = 1EAD733525FFA72600ED9037 /* ParstagramTests.xctest */;
			productType = "com.apple.product-type.bundle.unit-test";
		};
		1EAD733F25FFA72600ED9037 /* ParstagramUITests */ = {
			isa = PBXNativeTarget;
			buildConfigurationList = 1EAD734F25FFA72600ED9037 /* Build configuration list for PBXNativeTarget "ParstagramUITests" */;
			buildPhases = (
				C21C7C8986A8A26C04ADF0AE /* [CP] Check Pods Manifest.lock */,
				1EAD733C25FFA72600ED9037 /* Sources */,
				1EAD733D25FFA72600ED9037 /* Frameworks */,
				1EAD733E25FFA72600ED9037 /* Resources */,
				5C306991BADDFE1A921C7C08 /* [CP] Embed Pods Frameworks */,
			);
			buildRules = (
			);
			dependencies = (
				1EAD734225FFA72600ED9037 /* PBXTargetDependency */,
			);
			name = ParstagramUITests;
			productName = ParstagramUITests;
			productReference = 1EAD734025FFA72600ED9037 /* ParstagramUITests.xctest */;
			productType = "com.apple.product-type.bundle.ui-testing";
		};
/* End PBXNativeTarget section */

/* Begin PBXProject section */
		1EAD731725FFA72300ED9037 /* Project object */ = {
			isa = PBXProject;
			attributes = {
				LastSwiftUpdateCheck = 1240;
				LastUpgradeCheck = 1240;
				TargetAttributes = {
					1EAD731E25FFA72300ED9037 = {
						CreatedOnToolsVersion = 12.4;
					};
					1EAD733425FFA72600ED9037 = {
						CreatedOnToolsVersion = 12.4;
						TestTargetID = 1EAD731E25FFA72300ED9037;
					};
					1EAD733F25FFA72600ED9037 = {
						CreatedOnToolsVersion = 12.4;
						TestTargetID = 1EAD731E25FFA72300ED9037;
					};
				};
			};
			buildConfigurationList = 1EAD731A25FFA72300ED9037 /* Build configuration list for PBXProject "Parstagram" */;
			compatibilityVersion = "Xcode 9.3";
			developmentRegion = en;
			hasScannedForEncodings = 0;
			knownRegions = (
				en,
				Base,
			);
			mainGroup = 1EAD731625FFA72300ED9037;
			productRefGroup = 1EAD732025FFA72300ED9037 /* Products */;
			projectDirPath = "";
			projectRoot = "";
			targets = (
				1EAD731E25FFA72300ED9037 /* Parstagram */,
				1EAD733425FFA72600ED9037 /* ParstagramTests */,
				1EAD733F25FFA72600ED9037 /* ParstagramUITests */,
			);
		};
/* End PBXProject section */

/* Begin PBXResourcesBuildPhase section */
		1EAD731D25FFA72300ED9037 /* Resources */ = {
			isa = PBXResourcesBuildPhase;
			buildActionMask = 2147483647;
			files = (
				1EAD732F25FFA72600ED9037 /* LaunchScreen.storyboard in Resources */,
				1EAD732C25FFA72600ED9037 /* Assets.xcassets in Resources */,
				1EAD732A25FFA72300ED9037 /* Main.storyboard in Resources */,
			);
			runOnlyForDeploymentPostprocessing = 0;
		};
		1EAD733325FFA72600ED9037 /* Resources */ = {
			isa = PBXResourcesBuildPhase;
			buildActionMask = 2147483647;
			files = (
			);
			runOnlyForDeploymentPostprocessing = 0;
		};
		1EAD733E25FFA72600ED9037 /* Resources */ = {
			isa = PBXResourcesBuildPhase;
			buildActionMask = 2147483647;
			files = (
			);
			runOnlyForDeploymentPostprocessing = 0;
		};
/* End PBXResourcesBuildPhase section */

/* Begin PBXShellScriptBuildPhase section */
		1BFDA67271047A08CCADC7FD /* [CP] Check Pods Manifest.lock */ = {
			isa = PBXShellScriptBuildPhase;
			buildActionMask = 2147483647;
			files = (
			);
			inputFileListPaths = (
			);
			inputPaths = (
				"${PODS_PODFILE_DIR_PATH}/Podfile.lock",
				"${PODS_ROOT}/Manifest.lock",
			);
			name = "[CP] Check Pods Manifest.lock";
			outputFileListPaths = (
			);
			outputPaths = (
				"$(DERIVED_FILE_DIR)/Pods-ParstagramTests-checkManifestLockResult.txt",
			);
			runOnlyForDeploymentPostprocessing = 0;
			shellPath = /bin/sh;
			shellScript = "diff \"${PODS_PODFILE_DIR_PATH}/Podfile.lock\" \"${PODS_ROOT}/Manifest.lock\" > /dev/null\nif [ $? != 0 ] ; then\n    # print error to STDERR\n    echo \"error: The sandbox is not in sync with the Podfile.lock. Run 'pod install' or update your CocoaPods installation.\" >&2\n    exit 1\nfi\n# This output is used by Xcode 'outputs' to avoid re-running this script phase.\necho \"SUCCESS\" > \"${SCRIPT_OUTPUT_FILE_0}\"\n";
			showEnvVarsInLog = 0;
		};
		26BA00E5D009C6AA451E1F3D /* [CP] Check Pods Manifest.lock */ = {
			isa = PBXShellScriptBuildPhase;
			buildActionMask = 2147483647;
			files = (
			);
			inputFileListPaths = (
			);
			inputPaths = (
				"${PODS_PODFILE_DIR_PATH}/Podfile.lock",
				"${PODS_ROOT}/Manifest.lock",
			);
			name = "[CP] Check Pods Manifest.lock";
			outputFileListPaths = (
			);
			outputPaths = (
				"$(DERIVED_FILE_DIR)/Pods-Parstagram-checkManifestLockResult.txt",
			);
			runOnlyForDeploymentPostprocessing = 0;
			shellPath = /bin/sh;
			shellScript = "diff \"${PODS_PODFILE_DIR_PATH}/Podfile.lock\" \"${PODS_ROOT}/Manifest.lock\" > /dev/null\nif [ $? != 0 ] ; then\n    # print error to STDERR\n    echo \"error: The sandbox is not in sync with the Podfile.lock. Run 'pod install' or update your CocoaPods installation.\" >&2\n    exit 1\nfi\n# This output is used by Xcode 'outputs' to avoid re-running this script phase.\necho \"SUCCESS\" > \"${SCRIPT_OUTPUT_FILE_0}\"\n";
			showEnvVarsInLog = 0;
		};
		5C306991BADDFE1A921C7C08 /* [CP] Embed Pods Frameworks */ = {
			isa = PBXShellScriptBuildPhase;
			buildActionMask = 2147483647;
			files = (
			);
			inputFileListPaths = (
				"${PODS_ROOT}/Target Support Files/Pods-Parstagram-ParstagramUITests/Pods-Parstagram-ParstagramUITests-frameworks-${CONFIGURATION}-input-files.xcfilelist",
			);
			name = "[CP] Embed Pods Frameworks";
			outputFileListPaths = (
				"${PODS_ROOT}/Target Support Files/Pods-Parstagram-ParstagramUITests/Pods-Parstagram-ParstagramUITests-frameworks-${CONFIGURATION}-output-files.xcfilelist",
			);
			runOnlyForDeploymentPostprocessing = 0;
			shellPath = /bin/sh;
			shellScript = "\"${PODS_ROOT}/Target Support Files/Pods-Parstagram-ParstagramUITests/Pods-Parstagram-ParstagramUITests-frameworks.sh\"\n";
			showEnvVarsInLog = 0;
		};
		BDA039B972B7D5207D7989F0 /* [CP] Embed Pods Frameworks */ = {
			isa = PBXShellScriptBuildPhase;
			buildActionMask = 2147483647;
			files = (
			);
			inputFileListPaths = (
				"${PODS_ROOT}/Target Support Files/Pods-Parstagram/Pods-Parstagram-frameworks-${CONFIGURATION}-input-files.xcfilelist",
			);
			name = "[CP] Embed Pods Frameworks";
			outputFileListPaths = (
				"${PODS_ROOT}/Target Support Files/Pods-Parstagram/Pods-Parstagram-frameworks-${CONFIGURATION}-output-files.xcfilelist",
			);
			runOnlyForDeploymentPostprocessing = 0;
			shellPath = /bin/sh;
			shellScript = "\"${PODS_ROOT}/Target Support Files/Pods-Parstagram/Pods-Parstagram-frameworks.sh\"\n";
			showEnvVarsInLog = 0;
		};
		C21C7C8986A8A26C04ADF0AE /* [CP] Check Pods Manifest.lock */ = {
			isa = PBXShellScriptBuildPhase;
			buildActionMask = 2147483647;
			files = (
			);
			inputFileListPaths = (
			);
			inputPaths = (
				"${PODS_PODFILE_DIR_PATH}/Podfile.lock",
				"${PODS_ROOT}/Manifest.lock",
			);
			name = "[CP] Check Pods Manifest.lock";
			outputFileListPaths = (
			);
			outputPaths = (
				"$(DERIVED_FILE_DIR)/Pods-Parstagram-ParstagramUITests-checkManifestLockResult.txt",
			);
			runOnlyForDeploymentPostprocessing = 0;
			shellPath = /bin/sh;
			shellScript = "diff \"${PODS_PODFILE_DIR_PATH}/Podfile.lock\" \"${PODS_ROOT}/Manifest.lock\" > /dev/null\nif [ $? != 0 ] ; then\n    # print error to STDERR\n    echo \"error: The sandbox is not in sync with the Podfile.lock. Run 'pod install' or update your CocoaPods installation.\" >&2\n    exit 1\nfi\n# This output is used by Xcode 'outputs' to avoid re-running this script phase.\necho \"SUCCESS\" > \"${SCRIPT_OUTPUT_FILE_0}\"\n";
			showEnvVarsInLog = 0;
		};
/* End PBXShellScriptBuildPhase section */

/* Begin PBXSourcesBuildPhase section */
		1EAD731B25FFA72300ED9037 /* Sources */ = {
			isa = PBXSourcesBuildPhase;
			buildActionMask = 2147483647;
			files = (
				1EAD736226002FE900ED9037 /* LoginViewController.swift in Sources */,
				1EAD736F2600524200ED9037 /* CameraViewController.swift in Sources */,
				1EAD732325FFA72300ED9037 /* AppDelegate.swift in Sources */,
				1EAD73672600300600ED9037 /* FeedViewController.swift in Sources */,
				1EAD732525FFA72300ED9037 /* SceneDelegate.swift in Sources */,
				1EAD73872601761A00ED9037 /* PostCell.swift in Sources */,
			);
			runOnlyForDeploymentPostprocessing = 0;
		};
		1EAD733125FFA72600ED9037 /* Sources */ = {
			isa = PBXSourcesBuildPhase;
			buildActionMask = 2147483647;
			files = (
				1EAD733A25FFA72600ED9037 /* ParstagramTests.swift in Sources */,
			);
			runOnlyForDeploymentPostprocessing = 0;
		};
		1EAD733C25FFA72600ED9037 /* Sources */ = {
			isa = PBXSourcesBuildPhase;
			buildActionMask = 2147483647;
			files = (
				1EAD734525FFA72600ED9037 /* ParstagramUITests.swift in Sources */,
			);
			runOnlyForDeploymentPostprocessing = 0;
		};
/* End PBXSourcesBuildPhase section */

/* Begin PBXTargetDependency section */
		1EAD733725FFA72600ED9037 /* PBXTargetDependency */ = {
			isa = PBXTargetDependency;
			target = 1EAD731E25FFA72300ED9037 /* Parstagram */;
			targetProxy = 1EAD733625FFA72600ED9037 /* PBXContainerItemProxy */;
		};
		1EAD734225FFA72600ED9037 /* PBXTargetDependency */ = {
			isa = PBXTargetDependency;
			target = 1EAD731E25FFA72300ED9037 /* Parstagram */;
			targetProxy = 1EAD734125FFA72600ED9037 /* PBXContainerItemProxy */;
		};
/* End PBXTargetDependency section */

/* Begin PBXVariantGroup section */
		1EAD732825FFA72300ED9037 /* Main.storyboard */ = {
			isa = PBXVariantGroup;
			children = (
				1EAD732925FFA72300ED9037 /* Base */,
			);
			name = Main.storyboard;
			sourceTree = "<group>";
		};
		1EAD732D25FFA72600ED9037 /* LaunchScreen.storyboard */ = {
			isa = PBXVariantGroup;
			children = (
				1EAD732E25FFA72600ED9037 /* Base */,
			);
			name = LaunchScreen.storyboard;
			sourceTree = "<group>";
		};
/* End PBXVariantGroup section */

/* Begin XCBuildConfiguration section */
		1EAD734725FFA72600ED9037 /* Debug */ = {
			isa = XCBuildConfiguration;
			buildSettings = {
				ALWAYS_SEARCH_USER_PATHS = NO;
				CLANG_ANALYZER_NONNULL = YES;
				CLANG_ANALYZER_NUMBER_OBJECT_CONVERSION = YES_AGGRESSIVE;
				CLANG_CXX_LANGUAGE_STANDARD = "gnu++14";
				CLANG_CXX_LIBRARY = "libc++";
				CLANG_ENABLE_MODULES = YES;
				CLANG_ENABLE_OBJC_ARC = YES;
				CLANG_ENABLE_OBJC_WEAK = YES;
				CLANG_WARN_BLOCK_CAPTURE_AUTORELEASING = YES;
				CLANG_WARN_BOOL_CONVERSION = YES;
				CLANG_WARN_COMMA = YES;
				CLANG_WARN_CONSTANT_CONVERSION = YES;
				CLANG_WARN_DEPRECATED_OBJC_IMPLEMENTATIONS = YES;
				CLANG_WARN_DIRECT_OBJC_ISA_USAGE = YES_ERROR;
				CLANG_WARN_DOCUMENTATION_COMMENTS = YES;
				CLANG_WARN_EMPTY_BODY = YES;
				CLANG_WARN_ENUM_CONVERSION = YES;
				CLANG_WARN_INFINITE_RECURSION = YES;
				CLANG_WARN_INT_CONVERSION = YES;
				CLANG_WARN_NON_LITERAL_NULL_CONVERSION = YES;
				CLANG_WARN_OBJC_IMPLICIT_RETAIN_SELF = YES;
				CLANG_WARN_OBJC_LITERAL_CONVERSION = YES;
				CLANG_WARN_OBJC_ROOT_CLASS = YES_ERROR;
				CLANG_WARN_QUOTED_INCLUDE_IN_FRAMEWORK_HEADER = YES;
				CLANG_WARN_RANGE_LOOP_ANALYSIS = YES;
				CLANG_WARN_STRICT_PROTOTYPES = YES;
				CLANG_WARN_SUSPICIOUS_MOVE = YES;
				CLANG_WARN_UNGUARDED_AVAILABILITY = YES_AGGRESSIVE;
				CLANG_WARN_UNREACHABLE_CODE = YES;
				CLANG_WARN__DUPLICATE_METHOD_MATCH = YES;
				COPY_PHASE_STRIP = NO;
				DEBUG_INFORMATION_FORMAT = dwarf;
				ENABLE_STRICT_OBJC_MSGSEND = YES;
				ENABLE_TESTABILITY = YES;
				GCC_C_LANGUAGE_STANDARD = gnu11;
				GCC_DYNAMIC_NO_PIC = NO;
				GCC_NO_COMMON_BLOCKS = YES;
				GCC_OPTIMIZATION_LEVEL = 0;
				GCC_PREPROCESSOR_DEFINITIONS = (
					"DEBUG=1",
					"$(inherited)",
				);
				GCC_WARN_64_TO_32_BIT_CONVERSION = YES;
				GCC_WARN_ABOUT_RETURN_TYPE = YES_ERROR;
				GCC_WARN_UNDECLARED_SELECTOR = YES;
				GCC_WARN_UNINITIALIZED_AUTOS = YES_AGGRESSIVE;
				GCC_WARN_UNUSED_FUNCTION = YES;
				GCC_WARN_UNUSED_VARIABLE = YES;
				IPHONEOS_DEPLOYMENT_TARGET = 14.4;
				MTL_ENABLE_DEBUG_INFO = INCLUDE_SOURCE;
				MTL_FAST_MATH = YES;
				ONLY_ACTIVE_ARCH = YES;
				SDKROOT = iphoneos;
				SWIFT_ACTIVE_COMPILATION_CONDITIONS = DEBUG;
				SWIFT_OPTIMIZATION_LEVEL = "-Onone";
			};
			name = Debug;
		};
		1EAD734825FFA72600ED9037 /* Release */ = {
			isa = XCBuildConfiguration;
			buildSettings = {
				ALWAYS_SEARCH_USER_PATHS = NO;
				CLANG_ANALYZER_NONNULL = YES;
				CLANG_ANALYZER_NUMBER_OBJECT_CONVERSION = YES_AGGRESSIVE;
				CLANG_CXX_LANGUAGE_STANDARD = "gnu++14";
				CLANG_CXX_LIBRARY = "libc++";
				CLANG_ENABLE_MODULES = YES;
				CLANG_ENABLE_OBJC_ARC = YES;
				CLANG_ENABLE_OBJC_WEAK = YES;
				CLANG_WARN_BLOCK_CAPTURE_AUTORELEASING = YES;
				CLANG_WARN_BOOL_CONVERSION = YES;
				CLANG_WARN_COMMA = YES;
				CLANG_WARN_CONSTANT_CONVERSION = YES;
				CLANG_WARN_DEPRECATED_OBJC_IMPLEMENTATIONS = YES;
				CLANG_WARN_DIRECT_OBJC_ISA_USAGE = YES_ERROR;
				CLANG_WARN_DOCUMENTATION_COMMENTS = YES;
				CLANG_WARN_EMPTY_BODY = YES;
				CLANG_WARN_ENUM_CONVERSION = YES;
				CLANG_WARN_INFINITE_RECURSION = YES;
				CLANG_WARN_INT_CONVERSION = YES;
				CLANG_WARN_NON_LITERAL_NULL_CONVERSION = YES;
				CLANG_WARN_OBJC_IMPLICIT_RETAIN_SELF = YES;
				CLANG_WARN_OBJC_LITERAL_CONVERSION = YES;
				CLANG_WARN_OBJC_ROOT_CLASS = YES_ERROR;
				CLANG_WARN_QUOTED_INCLUDE_IN_FRAMEWORK_HEADER = YES;
				CLANG_WARN_RANGE_LOOP_ANALYSIS = YES;
				CLANG_WARN_STRICT_PROTOTYPES = YES;
				CLANG_WARN_SUSPICIOUS_MOVE = YES;
				CLANG_WARN_UNGUARDED_AVAILABILITY = YES_AGGRESSIVE;
				CLANG_WARN_UNREACHABLE_CODE = YES;
				CLANG_WARN__DUPLICATE_METHOD_MATCH = YES;
				COPY_PHASE_STRIP = NO;
				DEBUG_INFORMATION_FORMAT = "dwarf-with-dsym";
				ENABLE_NS_ASSERTIONS = NO;
				ENABLE_STRICT_OBJC_MSGSEND = YES;
				GCC_C_LANGUAGE_STANDARD = gnu11;
				GCC_NO_COMMON_BLOCKS = YES;
				GCC_WARN_64_TO_32_BIT_CONVERSION = YES;
				GCC_WARN_ABOUT_RETURN_TYPE = YES_ERROR;
				GCC_WARN_UNDECLARED_SELECTOR = YES;
				GCC_WARN_UNINITIALIZED_AUTOS = YES_AGGRESSIVE;
				GCC_WARN_UNUSED_FUNCTION = YES;
				GCC_WARN_UNUSED_VARIABLE = YES;
				IPHONEOS_DEPLOYMENT_TARGET = 14.4;
				MTL_ENABLE_DEBUG_INFO = NO;
				MTL_FAST_MATH = YES;
				SDKROOT = iphoneos;
				SWIFT_COMPILATION_MODE = wholemodule;
				SWIFT_OPTIMIZATION_LEVEL = "-O";
				VALIDATE_PRODUCT = YES;
			};
			name = Release;
		};
		1EAD734A25FFA72600ED9037 /* Debug */ = {
			isa = XCBuildConfiguration;
			baseConfigurationReference = 54C6558B73E13FAF5139E60A /* Pods-Parstagram.debug.xcconfig */;
			buildSettings = {
				ASSETCATALOG_COMPILER_APPICON_NAME = AppIcon;
				ASSETCATALOG_COMPILER_GLOBAL_ACCENT_COLOR_NAME = AccentColor;
				CODE_SIGN_STYLE = Automatic;
				DEVELOPMENT_TEAM = DHF6JWH35G;
				INFOPLIST_FILE = Parstagram/Info.plist;
				LD_RUNPATH_SEARCH_PATHS = (
					"$(inherited)",
					"@executable_path/Frameworks",
				);
				PRODUCT_BUNDLE_IDENTIFIER = monjurrefat.Parstagram;
				PRODUCT_NAME = "$(TARGET_NAME)";
				SWIFT_VERSION = 5.0;
				TARGETED_DEVICE_FAMILY = "1,2";
			};
			name = Debug;
		};
		1EAD734B25FFA72600ED9037 /* Release */ = {
			isa = XCBuildConfiguration;
			baseConfigurationReference = FD7C024EF6A975289C145916 /* Pods-Parstagram.release.xcconfig */;
			buildSettings = {
				ASSETCATALOG_COMPILER_APPICON_NAME = AppIcon;
				ASSETCATALOG_COMPILER_GLOBAL_ACCENT_COLOR_NAME = AccentColor;
				CODE_SIGN_STYLE = Automatic;
				DEVELOPMENT_TEAM = DHF6JWH35G;
				INFOPLIST_FILE = Parstagram/Info.plist;
				LD_RUNPATH_SEARCH_PATHS = (
					"$(inherited)",
					"@executable_path/Frameworks",
				);
				PRODUCT_BUNDLE_IDENTIFIER = monjurrefat.Parstagram;
				PRODUCT_NAME = "$(TARGET_NAME)";
				SWIFT_VERSION = 5.0;
				TARGETED_DEVICE_FAMILY = "1,2";
			};
			name = Release;
		};
		1EAD734D25FFA72600ED9037 /* Debug */ = {
			isa = XCBuildConfiguration;
			baseConfigurationReference = D839CFD1980B4AF3AB484AE7 /* Pods-ParstagramTests.debug.xcconfig */;
			buildSettings = {
				ALWAYS_EMBED_SWIFT_STANDARD_LIBRARIES = YES;
				BUNDLE_LOADER = "$(TEST_HOST)";
				CODE_SIGN_STYLE = Automatic;
				DEVELOPMENT_TEAM = DHF6JWH35G;
				INFOPLIST_FILE = ParstagramTests/Info.plist;
				IPHONEOS_DEPLOYMENT_TARGET = 14.4;
				LD_RUNPATH_SEARCH_PATHS = (
					"$(inherited)",
					"@executable_path/Frameworks",
					"@loader_path/Frameworks",
				);
				PRODUCT_BUNDLE_IDENTIFIER = monjurrefat.ParstagramTests;
				PRODUCT_NAME = "$(TARGET_NAME)";
				SWIFT_VERSION = 5.0;
				TARGETED_DEVICE_FAMILY = "1,2";
				TEST_HOST = "$(BUILT_PRODUCTS_DIR)/Parstagram.app/Parstagram";
			};
			name = Debug;
		};
		1EAD734E25FFA72600ED9037 /* Release */ = {
			isa = XCBuildConfiguration;
			baseConfigurationReference = 325CC2AA5CBB43378A16F14D /* Pods-ParstagramTests.release.xcconfig */;
			buildSettings = {
				ALWAYS_EMBED_SWIFT_STANDARD_LIBRARIES = YES;
				BUNDLE_LOADER = "$(TEST_HOST)";
				CODE_SIGN_STYLE = Automatic;
				DEVELOPMENT_TEAM = DHF6JWH35G;
				INFOPLIST_FILE = ParstagramTests/Info.plist;
				IPHONEOS_DEPLOYMENT_TARGET = 14.4;
				LD_RUNPATH_SEARCH_PATHS = (
					"$(inherited)",
					"@executable_path/Frameworks",
					"@loader_path/Frameworks",
				);
				PRODUCT_BUNDLE_IDENTIFIER = monjurrefat.ParstagramTests;
				PRODUCT_NAME = "$(TARGET_NAME)";
				SWIFT_VERSION = 5.0;
				TARGETED_DEVICE_FAMILY = "1,2";
				TEST_HOST = "$(BUILT_PRODUCTS_DIR)/Parstagram.app/Parstagram";
			};
			name = Release;
		};
		1EAD735025FFA72600ED9037 /* Debug */ = {
			isa = XCBuildConfiguration;
			baseConfigurationReference = ED4A9D67D0E964BA51FBA01A /* Pods-Parstagram-ParstagramUITests.debug.xcconfig */;
			buildSettings = {
				ALWAYS_EMBED_SWIFT_STANDARD_LIBRARIES = YES;
				CODE_SIGN_STYLE = Automatic;
				DEVELOPMENT_TEAM = DHF6JWH35G;
				INFOPLIST_FILE = ParstagramUITests/Info.plist;
				LD_RUNPATH_SEARCH_PATHS = (
					"$(inherited)",
					"@executable_path/Frameworks",
					"@loader_path/Frameworks",
				);
				PRODUCT_BUNDLE_IDENTIFIER = monjurrefat.ParstagramUITests;
				PRODUCT_NAME = "$(TARGET_NAME)";
				SWIFT_VERSION = 5.0;
				TARGETED_DEVICE_FAMILY = "1,2";
				TEST_TARGET_NAME = Parstagram;
			};
			name = Debug;
		};
		1EAD735125FFA72600ED9037 /* Release */ = {
			isa = XCBuildConfiguration;
			baseConfigurationReference = ABA1A6AA89FEFB63F24A4526 /* Pods-Parstagram-ParstagramUITests.release.xcconfig */;
			buildSettings = {
				ALWAYS_EMBED_SWIFT_STANDARD_LIBRARIES = YES;
				CODE_SIGN_STYLE = Automatic;
				DEVELOPMENT_TEAM = DHF6JWH35G;
				INFOPLIST_FILE = ParstagramUITests/Info.plist;
				LD_RUNPATH_SEARCH_PATHS = (
					"$(inherited)",
					"@executable_path/Frameworks",
					"@loader_path/Frameworks",
				);
				PRODUCT_BUNDLE_IDENTIFIER = monjurrefat.ParstagramUITests;
				PRODUCT_NAME = "$(TARGET_NAME)";
				SWIFT_VERSION = 5.0;
				TARGETED_DEVICE_FAMILY = "1,2";
				TEST_TARGET_NAME = Parstagram;
			};
			name = Release;
		};
/* End XCBuildConfiguration section */

/* Begin XCConfigurationList section */
		1EAD731A25FFA72300ED9037 /* Build configuration list for PBXProject "Parstagram" */ = {
			isa = XCConfigurationList;
			buildConfigurations = (
				1EAD734725FFA72600ED9037 /* Debug */,
				1EAD734825FFA72600ED9037 /* Release */,
			);
			defaultConfigurationIsVisible = 0;
			defaultConfigurationName = Release;
		};
		1EAD734925FFA72600ED9037 /* Build configuration list for PBXNativeTarget "Parstagram" */ = {
			isa = XCConfigurationList;
			buildConfigurations = (
				1EAD734A25FFA72600ED9037 /* Debug */,
				1EAD734B25FFA72600ED9037 /* Release */,
			);
			defaultConfigurationIsVisible = 0;
			defaultConfigurationName = Release;
		};
		1EAD734C25FFA72600ED9037 /* Build configuration list for PBXNativeTarget "ParstagramTests" */ = {
			isa = XCConfigurationList;
			buildConfigurations = (
				1EAD734D25FFA72600ED9037 /* Debug */,
				1EAD734E25FFA72600ED9037 /* Release */,
			);
			defaultConfigurationIsVisible = 0;
			defaultConfigurationName = Release;
		};
		1EAD734F25FFA72600ED9037 /* Build configuration list for PBXNativeTarget "ParstagramUITests" */ = {
			isa = XCConfigurationList;
			buildConfigurations = (
				1EAD735025FFA72600ED9037 /* Debug */,
				1EAD735125FFA72600ED9037 /* Release */,
			);
			defaultConfigurationIsVisible = 0;
			defaultConfigurationName = Release;
		};
/* End XCConfigurationList section */
	};
	rootObject = 1EAD731725FFA72300ED9037 /* Project object */;
}
